
Microsoft Visual Studio Solution File, Format Version 12.00
# Visual Studio Version 17
VisualStudioVersion = 17.6.33829.357
MinimumVisualStudioVersion = 10.0.40219.1
Project("{FAE04EC0-301F-11D3-BF4B-00C04F79EFBC}") = "HavaDurumu", "HavaDurumu.csproj", "{642949E3-F656-48DB-9592-86318A6D016C}"
EndProject
Global
	GlobalSection(SolutionConfigurationPlatforms) = preSolution
		Debug|Any CPU = Debug|Any CPU
		Release|Any CPU = Release|Any CPU
	EndGlobalSection
	GlobalSection(ProjectConfigurationPlatforms) = postSolution
		{642949E3-F656-48DB-9592-86318A6D016C}.Debug|Any CPU.ActiveCfg = Debug|Any CPU
		{642949E3-F656-48DB-9592-86318A6D016C}.Debug|Any CPU.Build.0 = Debug|Any CPU
		{642949E3-F656-48DB-9592-86318A6D016C}.Release|Any CPU.ActiveCfg = Release|Any CPU
		{642949E3-F656-48DB-9592-86318A6D016C}.Release|Any CPU.Build.0 = Release|Any CPU
	EndGlobalSection
	GlobalSection(SolutionProperties) = preSolution
		HideSolutionNode = FALSE
	EndGlobalSection
	GlobalSection(ExtensibilityGlobals) = postSolution
		SolutionGuid = {AFB1791E-BECE-4AF1-8889-2B08B91D349F}
	EndGlobalSection
EndGlobal
