
Microsoft Visual Studio Solution File, Format Version 12.00
# Visual Studio Version 17
VisualStudioVersion = 17.6.33829.357
MinimumVisualStudioVersion = 10.0.40219.1
Project("{FAE04EC0-301F-11D3-BF4B-00C04F79EFBC}") = "AbstractFactoryDesignPattern.Sample", "AbstractFactoryDesignPattern.Sample.csproj", "{BA9A5D98-026F-4BDD-9D7C-AAF67359614D}"
EndProject
Global
	GlobalSection(SolutionConfigurationPlatforms) = preSolution
		Debug|Any CPU = Debug|Any CPU
		Release|Any CPU = Release|Any CPU
	EndGlobalSection
	GlobalSection(ProjectConfigurationPlatforms) = postSolution
		{BA9A5D98-026F-4BDD-9D7C-AAF67359614D}.Debug|Any CPU.ActiveCfg = Debug|Any CPU
		{BA9A5D98-026F-4BDD-9D7C-AAF67359614D}.Debug|Any CPU.Build.0 = Debug|Any CPU
		{BA9A5D98-026F-4BDD-9D7C-AAF67359614D}.Release|Any CPU.ActiveCfg = Release|Any CPU
		{BA9A5D98-026F-4BDD-9D7C-AAF67359614D}.Release|Any CPU.Build.0 = Release|Any CPU
	EndGlobalSection
	GlobalSection(SolutionProperties) = preSolution
		HideSolutionNode = FALSE
	EndGlobalSection
	GlobalSection(ExtensibilityGlobals) = postSolution
		SolutionGuid = {4841DC21-4BB5-42C8-8FB5-E01394355B71}
	EndGlobalSection
EndGlobal
