
Microsoft Visual Studio Solution File, Format Version 12.00
# Visual Studio Version 17
VisualStudioVersion = 17.6.33829.357
MinimumVisualStudioVersion = 10.0.40219.1
Project("{FAE04EC0-301F-11D3-BF4B-00C04F79EFBC}") = "JwtMiddleware.API", "JwtMiddleware.API.csproj", "{6C117DE1-1361-4F2B-9801-3C0591D0DD2E}"
EndProject
Global
	GlobalSection(SolutionConfigurationPlatforms) = preSolution
		Debug|Any CPU = Debug|Any CPU
		Release|Any CPU = Release|Any CPU
	EndGlobalSection
	GlobalSection(ProjectConfigurationPlatforms) = postSolution
		{6C117DE1-1361-4F2B-9801-3C0591D0DD2E}.Debug|Any CPU.ActiveCfg = Debug|Any CPU
		{6C117DE1-1361-4F2B-9801-3C0591D0DD2E}.Debug|Any CPU.Build.0 = Debug|Any CPU
		{6C117DE1-1361-4F2B-9801-3C0591D0DD2E}.Release|Any CPU.ActiveCfg = Release|Any CPU
		{6C117DE1-1361-4F2B-9801-3C0591D0DD2E}.Release|Any CPU.Build.0 = Release|Any CPU
	EndGlobalSection
	GlobalSection(SolutionProperties) = preSolution
		HideSolutionNode = FALSE
	EndGlobalSection
	GlobalSection(ExtensibilityGlobals) = postSolution
		SolutionGuid = {288C77BC-7815-4F47-8174-03957DDE2E23}
	EndGlobalSection
EndGlobal
