
Microsoft Visual Studio Solution File, Format Version 12.00
# Visual Studio Version 17
VisualStudioVersion = 17.6.33829.357
MinimumVisualStudioVersion = 10.0.40219.1
Project("{FAE04EC0-301F-11D3-BF4B-00C04F79EFBC}") = "MiddlewareSample.API", "MiddlewareSample.API.csproj", "{333CA604-EB8D-46FA-BC12-5F8603349BD0}"
EndProject
Global
	GlobalSection(SolutionConfigurationPlatforms) = preSolution
		Debug|Any CPU = Debug|Any CPU
		Release|Any CPU = Release|Any CPU
	EndGlobalSection
	GlobalSection(ProjectConfigurationPlatforms) = postSolution
		{333CA604-EB8D-46FA-BC12-5F8603349BD0}.Debug|Any CPU.ActiveCfg = Debug|Any CPU
		{333CA604-EB8D-46FA-BC12-5F8603349BD0}.Debug|Any CPU.Build.0 = Debug|Any CPU
		{333CA604-EB8D-46FA-BC12-5F8603349BD0}.Release|Any CPU.ActiveCfg = Release|Any CPU
		{333CA604-EB8D-46FA-BC12-5F8603349BD0}.Release|Any CPU.Build.0 = Release|Any CPU
	EndGlobalSection
	GlobalSection(SolutionProperties) = preSolution
		HideSolutionNode = FALSE
	EndGlobalSection
	GlobalSection(ExtensibilityGlobals) = postSolution
		SolutionGuid = {DEA8D927-5703-4712-BDAC-E853B3E2B24F}
	EndGlobalSection
EndGlobal
